
Microsoft Visual Studio Solution File, Format Version 12.00
# Visual Studio Version 16
VisualStudioVersion = 16.0.31624.102
MinimumVisualStudioVersion = 10.0.40219.1
Project("{FAE04EC0-301F-11D3-BF4B-00C04F79EFBC}") = "HomiTagTest", "HomiTagTest\HomiTagTest.csproj", "{4EE4AA39-6C87-471E-97DD-38751A215D51}"
EndProject
Global
	GlobalSection(SolutionConfigurationPlatforms) = preSolution
		Debug|Any CPU = Debug|Any CPU
		Release|Any CPU = Release|Any CPU
	EndGlobalSection
	GlobalSection(ProjectConfigurationPlatforms) = postSolution
		{4EE4AA39-6C87-471E-97DD-38751A215D51}.Debug|Any CPU.ActiveCfg = Debug|Any CPU
		{4EE4AA39-6C87-471E-97DD-38751A215D51}.Debug|Any CPU.Build.0 = Debug|Any CPU
		{4EE4AA39-6C87-471E-97DD-38751A215D51}.Release|Any CPU.ActiveCfg = Release|Any CPU
		{4EE4AA39-6C87-471E-97DD-38751A215D51}.Release|Any CPU.Build.0 = Release|Any CPU
	EndGlobalSection
	GlobalSection(SolutionProperties) = preSolution
		HideSolutionNode = FALSE
	EndGlobalSection
	GlobalSection(ExtensibilityGlobals) = postSolution
		SolutionGuid = {7C543760-378E-44E1-B2D5-0F66FD1865E6}
	EndGlobalSection
EndGlobal
